
Microsoft Visual Studio Solution File, Format Version 12.00
# Visual Studio Version 17
VisualStudioVersion = 17.14.36414.22 d17.14
MinimumVisualStudioVersion = 10.0.40219.1
Project("{FAE04EC0-301F-11D3-BF4B-00C04F79EFBC}") = "conexion", "conexion\conexion.csproj", "{453D88B9-2A2D-4BFC-90A3-0CDCBF799D2C}"
EndProject
Global
	GlobalSection(SolutionConfigurationPlatforms) = preSolution
		Debug|Any CPU = Debug|Any CPU
		Release|Any CPU = Release|Any CPU
	EndGlobalSection
	GlobalSection(ProjectConfigurationPlatforms) = postSolution
		{453D88B9-2A2D-4BFC-90A3-0CDCBF799D2C}.Debug|Any CPU.ActiveCfg = Debug|Any CPU
		{453D88B9-2A2D-4BFC-90A3-0CDCBF799D2C}.Debug|Any CPU.Build.0 = Debug|Any CPU
		{453D88B9-2A2D-4BFC-90A3-0CDCBF799D2C}.Release|Any CPU.ActiveCfg = Release|Any CPU
		{453D88B9-2A2D-4BFC-90A3-0CDCBF799D2C}.Release|Any CPU.Build.0 = Release|Any CPU
	EndGlobalSection
	GlobalSection(SolutionProperties) = preSolution
		HideSolutionNode = FALSE
	EndGlobalSection
	GlobalSection(ExtensibilityGlobals) = postSolution
		SolutionGuid = {98E4E52D-94B1-41C2-86BE-C276CFFD3548}
	EndGlobalSection
EndGlobal
